// !$*UTF8*$!
{
	archiveVersion = 1;
	classes = {
	};
	objectVersion = 46;
	objects = {

/* Begin PBXBuildFile section */
		CCB94ED21CEF603E00BC88B9 /* AppDelegate.swift in Sources */ = {isa = PBXBuildFile; fileRef = CCB94ED11CEF603E00BC88B9 /* AppDelegate.swift */; };
		CCB94ED71CEF603E00BC88B9 /* Main.storyboard in Resources */ = {isa = PBXBuildFile; fileRef = CCB94ED51CEF603E00BC88B9 /* Main.storyboard */; };
		CCB94ED91CEF603E00BC88B9 /* Assets.xcassets in Resources */ = {isa = PBXBuildFile; fileRef = CCB94ED81CEF603E00BC88B9 /* Assets.xcassets */; };
		CCB94EDC1CEF603E00BC88B9 /* LaunchScreen.storyboard in Resources */ = {isa = PBXBuildFile; fileRef = CCB94EDA1CEF603E00BC88B9 /* LaunchScreen.storyboard */; };
		CCB94EE61CEF608F00BC88B9 /* EntryDetailViewController.swift in Sources */ = {isa = PBXBuildFile; fileRef = CCB94EE51CEF608F00BC88B9 /* EntryDetailViewController.swift */; };
		CCB94EE81CEF609F00BC88B9 /* EntryController.swift in Sources */ = {isa = PBXBuildFile; fileRef = CCB94EE71CEF609F00BC88B9 /* EntryController.swift */; };
		CCB94EEA1CEF60B400BC88B9 /* Entry.swift in Sources */ = {isa = PBXBuildFile; fileRef = CCB94EE91CEF60B400BC88B9 /* Entry.swift */; };
		CCB94EF01CEF613800BC88B9 /* NotesTableViewController.swift in Sources */ = {isa = PBXBuildFile; fileRef = CCB94EEF1CEF613800BC88B9 /* NotesTableViewController.swift */; };
/* End PBXBuildFile section */

/* Begin PBXFileReference section */
		CCB94ECE1CEF603E00BC88B9 /* Notes Challenge 2.0.app */ = {isa = PBXFileReference; explicitFileType = wrapper.application; includeInIndex = 0; path = "Notes Challenge 2.0.app"; sourceTree = BUILT_PRODUCTS_DIR; };
		CCB94ED11CEF603E00BC88B9 /* AppDelegate.swift */ = {isa = PBXFileReference; lastKnownFileType = sourcecode.swift; path = AppDelegate.swift; sourceTree = "<group>"; };
		CCB94ED61CEF603E00BC88B9 /* Base */ = {isa = PBXFileReference; lastKnownFileType = file.storyboard; name = Base; path = Base.lproj/Main.storyboard; sourceTree = "<group>"; };
		CCB94ED81CEF603E00BC88B9 /* Assets.xcassets */ = {isa = PBXFileReference; lastKnownFileType = folder.assetcatalog; path = Assets.xcassets; sourceTree = "<group>"; };
		CCB94EDB1CEF603E00BC88B9 /* Base */ = {isa = PBXFileReference; lastKnownFileType = file.storyboard; name = Base; path = Base.lproj/LaunchScreen.storyboard; sourceTree = "<group>"; };
		CCB94EDD1CEF603E00BC88B9 /* Info.plist */ = {isa = PBXFileReference; lastKnownFileType = text.plist.xml; path = Info.plist; sourceTree = "<group>"; };
		CCB94EE51CEF608F00BC88B9 /* EntryDetailViewController.swift */ = {isa = PBXFileReference; fileEncoding = 4; lastKnownFileType = sourcecode.swift; path = EntryDetailViewController.swift; sourceTree = "<group>"; };
		CCB94EE71CEF609F00BC88B9 /* EntryController.swift */ = {isa = PBXFileReference; fileEncoding = 4; lastKnownFileType = sourcecode.swift; path = EntryController.swift; sourceTree = "<group>"; };
		CCB94EE91CEF60B400BC88B9 /* Entry.swift */ = {isa = PBXFileReference; fileEncoding = 4; lastKnownFileType = sourcecode.swift; path = Entry.swift; sourceTree = "<group>"; };
		CCB94EEF1CEF613800BC88B9 /* NotesTableViewController.swift */ = {isa = PBXFileReference; fileEncoding = 4; lastKnownFileType = sourcecode.swift; path = NotesTableViewController.swift; sourceTree = "<group>"; };
/* End PBXFileReference section */

/* Begin PBXFrameworksBuildPhase section */
		CCB94ECB1CEF603E00BC88B9 /* Frameworks */ = {
			isa = PBXFrameworksBuildPhase;
			buildActionMask = 2147483647;
			files = (
			);
			runOnlyForDeploymentPostprocessing = 0;
		};
/* End PBXFrameworksBuildPhase section */

/* Begin PBXGroup section */
		CCB94EC51CEF603E00BC88B9 = {
			isa = PBXGroup;
			children = (
				CCB94ED01CEF603E00BC88B9 /* Notes Challenge 2.0 */,
				CCB94ECF1CEF603E00BC88B9 /* Products */,
			);
			sourceTree = "<group>";
		};
		CCB94ECF1CEF603E00BC88B9 /* Products */ = {
			isa = PBXGroup;
			children = (
				CCB94ECE1CEF603E00BC88B9 /* Notes Challenge 2.0.app */,
			);
			name = Products;
			sourceTree = "<group>";
		};
		CCB94ED01CEF603E00BC88B9 /* Notes Challenge 2.0 */ = {
			isa = PBXGroup;
			children = (
				CCB94ED11CEF603E00BC88B9 /* AppDelegate.swift */,
				CCB94EEE1CEF60EF00BC88B9 /* MODEL */,
				CCB94EED1CEF60E500BC88B9 /* MODEL CONTROLLER */,
				CCB94EEC1CEF60CA00BC88B9 /* VIEW CONTROLLERS */,
				CCB94EEB1CEF60BB00BC88B9 /* VIEW */,
				CCB94ED81CEF603E00BC88B9 /* Assets.xcassets */,
				CCB94EDA1CEF603E00BC88B9 /* LaunchScreen.storyboard */,
				CCB94EDD1CEF603E00BC88B9 /* Info.plist */,
			);
			path = "Notes Challenge 2.0";
			sourceTree = "<group>";
		};
		CCB94EEB1CEF60BB00BC88B9 /* VIEW */ = {
			isa = PBXGroup;
			children = (
				CCB94ED51CEF603E00BC88B9 /* Main.storyboard */,
			);
			name = VIEW;
			sourceTree = "<group>";
		};
		CCB94EEC1CEF60CA00BC88B9 /* VIEW CONTROLLERS */ = {
			isa = PBXGroup;
			children = (
				CCB94EEF1CEF613800BC88B9 /* NotesTableViewController.swift */,
				CCB94EE51CEF608F00BC88B9 /* EntryDetailViewController.swift */,
			);
			name = "VIEW CONTROLLERS";
			sourceTree = "<group>";
		};
		CCB94EED1CEF60E500BC88B9 /* MODEL CONTROLLER */ = {
			isa = PBXGroup;
			children = (
				CCB94EE71CEF609F00BC88B9 /* EntryController.swift */,
			);
			name = "MODEL CONTROLLER";
			sourceTree = "<group>";
		};
		CCB94EEE1CEF60EF00BC88B9 /* MODEL */ = {
			isa = PBXGroup;
			children = (
				CCB94EE91CEF60B400BC88B9 /* Entry.swift */,
			);
			name = MODEL;
			sourceTree = "<group>";
		};
/* End PBXGroup section */

/* Begin PBXNativeTarget section */
		CCB94ECD1CEF603E00BC88B9 /* Notes Challenge 2.0 */ = {
			isa = PBXNativeTarget;
			buildConfigurationList = CCB94EE01CEF603E00BC88B9 /* Build configuration list for PBXNativeTarget "Notes Challenge 2.0" */;
			buildPhases = (
				CCB94ECA1CEF603E00BC88B9 /* Sources */,
				CCB94ECB1CEF603E00BC88B9 /* Frameworks */,
				CCB94ECC1CEF603E00BC88B9 /* Resources */,
			);
			buildRules = (
			);
			dependencies = (
			);
			name = "Notes Challenge 2.0";
			productName = "Notes Challenge 2.0";
			productReference = CCB94ECE1CEF603E00BC88B9 /* Notes Challenge 2.0.app */;
			productType = "com.apple.product-type.application";
		};
/* End PBXNativeTarget section */

/* Begin PBXProject section */
		CCB94EC61CEF603E00BC88B9 /* Project object */ = {
			isa = PBXProject;
			attributes = {
				LastSwiftUpdateCheck = 0730;
				LastUpgradeCheck = 0730;
				ORGANIZATIONNAME = "Notes Challenge";
				TargetAttributes = {
					CCB94ECD1CEF603E00BC88B9 = {
						CreatedOnToolsVersion = 7.3;
						DevelopmentTeam = WP96JMRW5V;
					};
				};
			};
			buildConfigurationList = CCB94EC91CEF603E00BC88B9 /* Build configuration list for PBXProject "Notes Challenge 2.0" */;
			compatibilityVersion = "Xcode 3.2";
			developmentRegion = English;
			hasScannedForEncodings = 0;
			knownRegions = (
				en,
				Base,
			);
			mainGroup = CCB94EC51CEF603E00BC88B9;
			productRefGroup = CCB94ECF1CEF603E00BC88B9 /* Products */;
			projectDirPath = "";
			projectRoot = "";
			targets = (
				CCB94ECD1CEF603E00BC88B9 /* Notes Challenge 2.0 */,
			);
		};
/* End PBXProject section */

/* Begin PBXResourcesBuildPhase section */
		CCB94ECC1CEF603E00BC88B9 /* Resources */ = {
			isa = PBXResourcesBuildPhase;
			buildActionMask = 2147483647;
			files = (
				CCB94EDC1CEF603E00BC88B9 /* LaunchScreen.storyboard in Resources */,
				CCB94ED91CEF603E00BC88B9 /* Assets.xcassets in Resources */,
				CCB94ED71CEF603E00BC88B9 /* Main.storyboard in Resources */,
			);
			runOnlyForDeploymentPostprocessing = 0;
		};
/* End PBXResourcesBuildPhase section */

/* Begin PBXSourcesBuildPhase section */
		CCB94ECA1CEF603E00BC88B9 /* Sources */ = {
			isa = PBXSourcesBuildPhase;
			buildActionMask = 2147483647;
			files = (
				CCB94EEA1CEF60B400BC88B9 /* Entry.swift in Sources */,
				CCB94EE61CEF608F00BC88B9 /* EntryDetailViewController.swift in Sources */,
				CCB94EE81CEF609F00BC88B9 /* EntryController.swift in Sources */,
				CCB94ED21CEF603E00BC88B9 /* AppDelegate.swift in Sources */,
				CCB94EF01CEF613800BC88B9 /* NotesTableViewController.swift in Sources */,
			);
			runOnlyForDeploymentPostprocessing = 0;
		};
/* End PBXSourcesBuildPhase section */

/* Begin PBXVariantGroup section */
		CCB94ED51CEF603E00BC88B9 /* Main.storyboard */ = {
			isa = PBXVariantGroup;
			children = (
				CCB94ED61CEF603E00BC88B9 /* Base */,
			);
			name = Main.storyboard;
			sourceTree = "<group>";
		};
		CCB94EDA1CEF603E00BC88B9 /* LaunchScreen.storyboard */ = {
			isa = PBXVariantGroup;
			children = (
				CCB94EDB1CEF603E00BC88B9 /* Base */,
			);
			name = LaunchScreen.storyboard;
			sourceTree = "<group>";
		};
/* End PBXVariantGroup section */

/* Begin XCBuildConfiguration section */
		CCB94EDE1CEF603E00BC88B9 /* Debug */ = {
			isa = XCBuildConfiguration;
			buildSettings = {
				ALWAYS_SEARCH_USER_PATHS = NO;
				CLANG_ANALYZER_NONNULL = YES;
				CLANG_CXX_LANGUAGE_STANDARD = "gnu++0x";
				CLANG_CXX_LIBRARY = "libc++";
				CLANG_ENABLE_MODULES = YES;
				CLANG_ENABLE_OBJC_ARC = YES;
				CLANG_WARN_BOOL_CONVERSION = YES;
				CLANG_WARN_CONSTANT_CONVERSION = YES;
				CLANG_WARN_DIRECT_OBJC_ISA_USAGE = YES_ERROR;
				CLANG_WARN_EMPTY_BODY = YES;
				CLANG_WARN_ENUM_CONVERSION = YES;
				CLANG_WARN_INT_CONVERSION = YES;
				CLANG_WARN_OBJC_ROOT_CLASS = YES_ERROR;
				CLANG_WARN_UNREACHABLE_CODE = YES;
				CLANG_WARN__DUPLICATE_METHOD_MATCH = YES;
				"CODE_SIGN_IDENTITY[sdk=iphoneos*]" = "iPhone Developer";
				COPY_PHASE_STRIP = NO;
				DEBUG_INFORMATION_FORMAT = dwarf;
				ENABLE_STRICT_OBJC_MSGSEND = YES;
				ENABLE_TESTABILITY = YES;
				GCC_C_LANGUAGE_STANDARD = gnu99;
				GCC_DYNAMIC_NO_PIC = NO;
				GCC_NO_COMMON_BLOCKS = YES;
				GCC_OPTIMIZATION_LEVEL = 0;
				GCC_PREPROCESSOR_DEFINITIONS = (
					"DEBUG=1",
					"$(inherited)",
				);
				GCC_WARN_64_TO_32_BIT_CONVERSION = YES;
				GCC_WARN_ABOUT_RETURN_TYPE = YES_ERROR;
				GCC_WARN_UNDECLARED_SELECTOR = YES;
				GCC_WARN_UNINITIALIZED_AUTOS = YES_AGGRESSIVE;
				GCC_WARN_UNUSED_FUNCTION = YES;
				GCC_WARN_UNUSED_VARIABLE = YES;
				IPHONEOS_DEPLOYMENT_TARGET = 9.3;
				MTL_ENABLE_DEBUG_INFO = YES;
				ONLY_ACTIVE_ARCH = YES;
				SDKROOT = iphoneos;
				SWIFT_OPTIMIZATION_LEVEL = "-Onone";
				TARGETED_DEVICE_FAMILY = "1,2";
			};
			name = Debug;
		};
		CCB94EDF1CEF603E00BC88B9 /* Release */ = {
			isa = XCBuildConfiguration;
			buildSettings = {
				ALWAYS_SEARCH_USER_PATHS = NO;
				CLANG_ANALYZER_NONNULL = YES;
				CLANG_CXX_LANGUAGE_STANDARD = "gnu++0x";
				CLANG_CXX_LIBRARY = "libc++";
				CLANG_ENABLE_MODULES = YES;
				CLANG_ENABLE_OBJC_ARC = YES;
				CLANG_WARN_BOOL_CONVERSION = YES;
				CLANG_WARN_CONSTANT_CONVERSION = YES;
				CLANG_WARN_DIRECT_OBJC_ISA_USAGE = YES_ERROR;
				CLANG_WARN_EMPTY_BODY = YES;
				CLANG_WARN_ENUM_CONVERSION = YES;
				CLANG_WARN_INT_CONVERSION = YES;
				CLANG_WARN_OBJC_ROOT_CLASS = YES_ERROR;
				CLANG_WARN_UNREACHABLE_CODE = YES;
				CLANG_WARN__DUPLICATE_METHOD_MATCH = YES;
				"CODE_SIGN_IDENTITY[sdk=iphoneos*]" = "iPhone Developer";
				COPY_PHASE_STRIP = NO;
				DEBUG_INFORMATION_FORMAT = "dwarf-with-dsym";
				ENABLE_NS_ASSERTIONS = NO;
				ENABLE_STRICT_OBJC_MSGSEND = YES;
				GCC_C_LANGUAGE_STANDARD = gnu99;
				GCC_NO_COMMON_BLOCKS = YES;
				GCC_WARN_64_TO_32_BIT_CONVERSION = YES;
				GCC_WARN_ABOUT_RETURN_TYPE = YES_ERROR;
				GCC_WARN_UNDECLARED_SELECTOR = YES;
				GCC_WARN_UNINITIALIZED_AUTOS = YES_AGGRESSIVE;
				GCC_WARN_UNUSED_FUNCTION = YES;
				GCC_WARN_UNUSED_VARIABLE = YES;
				IPHONEOS_DEPLOYMENT_TARGET = 9.3;
				MTL_ENABLE_DEBUG_INFO = NO;
				SDKROOT = iphoneos;
				TARGETED_DEVICE_FAMILY = "1,2";
				VALIDATE_PRODUCT = YES;
			};
			name = Release;
		};
		CCB94EE11CEF603E00BC88B9 /* Debug */ = {
			isa = XCBuildConfiguration;
			buildSettings = {
				ASSETCATALOG_COMPILER_APPICON_NAME = AppIcon;
				INFOPLIST_FILE = "Notes Challenge 2.0/Info.plist";
				LD_RUNPATH_SEARCH_PATHS = "$(inherited) @executable_path/Frameworks";
				PRODUCT_BUNDLE_IDENTIFIER = "com.example..Notes-Challenge-2-0";
				PRODUCT_NAME = "$(TARGET_NAME)";
			};
			name = Debug;
		};
		CCB94EE21CEF603E00BC88B9 /* Release */ = {
			isa = XCBuildConfiguration;
			buildSettings = {
				ASSETCATALOG_COMPILER_APPICON_NAME = AppIcon;
				INFOPLIST_FILE = "Notes Challenge 2.0/Info.plist";
				LD_RUNPATH_SEARCH_PATHS = "$(inherited) @executable_path/Frameworks";
				PRODUCT_BUNDLE_IDENTIFIER = "com.example..Notes-Challenge-2-0";
				PRODUCT_NAME = "$(TARGET_NAME)";
			};
			name = Release;
		};
/* End XCBuildConfiguration section */

/* Begin XCConfigurationList section */
		CCB94EC91CEF603E00BC88B9 /* Build configuration list for PBXProject "Notes Challenge 2.0" */ = {
			isa = XCConfigurationList;
			buildConfigurations = (
				CCB94EDE1CEF603E00BC88B9 /* Debug */,
				CCB94EDF1CEF603E00BC88B9 /* Release */,
			);
			defaultConfigurationIsVisible = 0;
			defaultConfigurationName = Release;
		};
		CCB94EE01CEF603E00BC88B9 /* Build configuration list for PBXNativeTarget "Notes Challenge 2.0" */ = {
			isa = XCConfigurationList;
			buildConfigurations = (
				CCB94EE11CEF603E00BC88B9 /* Debug */,
				CCB94EE21CEF603E00BC88B9 /* Release */,
			);
			defaultConfigurationIsVisible = 0;
		};
/* End XCConfigurationList section */
	};
	rootObject = CCB94EC61CEF603E00BC88B9 /* Project object */;
}
